// !$*UTF8*$!
{
	archiveVersion = 1;
	classes = {
	};
	objectVersion = 46;
	objects = {
/* Begin PBXBuildFile section */
		0207DA581B56EA530066E2B4 /* Images.xcassets in Resources */ = {isa = PBXBuildFile; fileRef = 0207DA571B56EA530066E2B4 /* Images.xcassets */; };
		05928C9BC65D4DE4AFCA12EE /* CDVNotification.m in Sources */ = {isa = PBXBuildFile; fileRef = 911C4001375D488DAEC30A04 /* CDVNotification.m */; };
		0EC52C6AA9084A59BEB40EF7 /* CDVVibration.m in Sources */ = {isa = PBXBuildFile; fileRef = 30A30693F0454B25B39F5512 /* CDVVibration.m */; };
		14AB403BC0844D9F9100CB99 /* CDVGlobalization.m in Sources */ = {isa = PBXBuildFile; fileRef = A2303CCB701643CBA1FD3F24 /* CDVGlobalization.m */; };
		1662E8A328D54B06A6FF6B79 /* CDVWKWebViewEngine.m in Sources */ = {isa = PBXBuildFile; fileRef = 622070ACFB354F2B9965483F /* CDVWKWebViewEngine.m */; };
		173B36F681AB443CB240B9EE /* CDVFile.m in Sources */ = {isa = PBXBuildFile; fileRef = 30AB1BD680054EF58F036395 /* CDVFile.m */; };
		1D3623260D0F684500981E51 /* AppDelegate.m in Sources */ = {isa = PBXBuildFile; fileRef = 1D3623250D0F684500981E51 /* AppDelegate.m */; };
		1D60589B0D05DD56006BFB54 /* main.m in Sources */ = {isa = PBXBuildFile; fileRef = 29B97316FDCFA39411CA2CEA /* main.m */; };
		1DE6DFC1B3D542D9981F15AB /* CDVContacts.m in Sources */ = {isa = PBXBuildFile; fileRef = 99A2577DC7DB4C8DB7DBACAC /* CDVContacts.m */; };
		1E99AD03F7B74E80A81F0F74 /* CDVContact.m in Sources */ = {isa = PBXBuildFile; fileRef = E63190F3E4AA4E36AC0C444D /* CDVContact.m */; };
		21648A4F7F1C4556A9B1E786 /* AVFoundation.framework in Frameworks */ = {isa = PBXBuildFile; fileRef = 5F2F24A7484248C7888A8108 /* AVFoundation.framework */; };
		2D7AF8D54A724878A86137EF /* CDVWKWebViewUIDelegate.m in Sources */ = {isa = PBXBuildFile; fileRef = 0BAA2FEB731B46ABA7DCB9A9 /* CDVWKWebViewUIDelegate.m */; };
		2EE2D85F085B499680D6C9E9 /* CDVCompass.m in Sources */ = {isa = PBXBuildFile; fileRef = 0D10ED801526453FA773CF24 /* CDVCompass.m */; };
		301BF552109A68D80062928A /* libCordova.a in Frameworks */ = {isa = PBXBuildFile; fileRef = 301BF535109A57CC0062928A /* libCordova.a */; };
		302D95F114D2391D003F00A1 /* MainViewController.m in Sources */ = {isa = PBXBuildFile; fileRef = 302D95EF14D2391D003F00A1 /* MainViewController.m */; };
		302D95F214D2391D003F00A1 /* MainViewController.xib in Resources */ = {isa = PBXBuildFile; fileRef = 302D95F014D2391D003F00A1 /* MainViewController.xib */; };
		3047A5121AB8059700498E2A /* build-debug.xcconfig in Resources */ = {isa = PBXBuildFile; fileRef = 3047A50F1AB8059700498E2A /* build-debug.xcconfig */; };
		3047A5131AB8059700498E2A /* build-release.xcconfig in Resources */ = {isa = PBXBuildFile; fileRef = 3047A5101AB8059700498E2A /* build-release.xcconfig */; };
		3047A5141AB8059700498E2A /* build.xcconfig in Resources */ = {isa = PBXBuildFile; fileRef = 3047A5111AB8059700498E2A /* build.xcconfig */; };
		3923EE1CDAA144079DE126F2 /* CoreMotion.framework in Frameworks */ = {isa = PBXBuildFile; fileRef = 203F8899331E40EBB3CA6E41 /* CoreMotion.framework */; };
		405A350E5B024A5F87A24212 /* CDVCapture.bundle in Resources */ = {isa = PBXBuildFile; fileRef = 1C489D0C21D54B9DBE7C9A20 /* CDVCapture.bundle */; };
		48DA278F221040CBAAC21137 /* CDVLocation.m in Sources */ = {isa = PBXBuildFile; fileRef = D3957F16709F44F29A48654A /* CDVLocation.m */; };
		4BAFEEEA68F0490C9880CDD8 /* CDVSplashScreen.m in Sources */ = {isa = PBXBuildFile; fileRef = 9E9D956BE05C4828821B973B /* CDVSplashScreen.m */; };
		4EDEE720D3DC464C93EF72BA /* CDVViewController+SplashScreen.m in Sources */ = {isa = PBXBuildFile; fileRef = 7495B99038E340AE8E479ACD /* CDVViewController+SplashScreen.m */; };
		5D7165F6C7AB44DD9049A97A /* CDVAccelerometer.m in Sources */ = {isa = PBXBuildFile; fileRef = 15771F758BEC41739BBB1851 /* CDVAccelerometer.m */; };
		5E5433A9433F49238EBDDFC1 /* CDVReachability.m in Sources */ = {isa = PBXBuildFile; fileRef = A4827390916C4E3EAFDA6049 /* CDVReachability.m */; };
		60CE5740A5BD42D8BF7C1EE6 /* CDVCamera.m in Sources */ = {isa = PBXBuildFile; fileRef = A430DAABB00A469FA9CE3DC6 /* CDVCamera.m */; };
		7954EFAB62EC42DB84489628 /* CDVNotification.bundle in Resources */ = {isa = PBXBuildFile; fileRef = 21B3D53F3A3946E988DC49BC /* CDVNotification.bundle */; };
		7D0A2BA7EA7E445797149E7D /* CDVAssetLibraryFilesystem.m in Sources */ = {isa = PBXBuildFile; fileRef = 873799721E6A403D8396A15E /* CDVAssetLibraryFilesystem.m */; };
		872D2BEF33DD4ABAA264DCFB /* CDVBattery.m in Sources */ = {isa = PBXBuildFile; fileRef = 55BE90A82BD743888DAFE758 /* CDVBattery.m */; };
		884DC0999D814CE7A7DCB044 /* WebKit.framework in Frameworks */ = {isa = PBXBuildFile; fileRef = A352109806D64995984A96B2 /* WebKit.framework */; settings = {ATTRIBUTES = (Weak, ); }; };
		949667F170AA4A5B9345792F /* CDVCapture.m in Sources */ = {isa = PBXBuildFile; fileRef = 86BE4BC1E6EB4D4CA46A11C9 /* CDVCapture.m */; };
		9867BE7F1BAD9481009E23E3 /* NSData+Base64.m in Sources */ = {isa = PBXBuildFile; fileRef = 9867BE7E1BAD9481009E23E3 /* NSData+Base64.m */; settings = {ASSET_TAGS = (); }; };
		A7F5ACBDB2ED47CB8365B43B /* CDVFileTransfer.m in Sources */ = {isa = PBXBuildFile; fileRef = 02F6F520ADAD44A099898743 /* CDVFileTransfer.m */; };
		AD08A080065944ED92A46CB2 /* CDVConnection.m in Sources */ = {isa = PBXBuildFile; fileRef = 2684228090344918988F20BE /* CDVConnection.m */; };
		AD35CCFC90DF46159E81F3B9 /* AudioToolbox.framework in Frameworks */ = {isa = PBXBuildFile; fileRef = C5DDC0BE66294970B09B3232 /* AudioToolbox.framework */; settings = {ATTRIBUTES = (Weak, ); }; };
		B90ADEA0A39F4D99AACCDAF6 /* CDVDevice.m in Sources */ = {isa = PBXBuildFile; fileRef = F821EBAF39CF4692B092E023 /* CDVDevice.m */; };
		BE3521E04AF842A0899D9E33 /* CoreLocation.framework in Frameworks */ = {isa = PBXBuildFile; fileRef = 64720F9D95B34D66A7FE1A21 /* CoreLocation.framework */; };
		CBC36050F7324F8D9B7B193F /* UIImage+CropScaleOrientation.m in Sources */ = {isa = PBXBuildFile; fileRef = E9E2038F257D48E0ADF4A0DD /* UIImage+CropScaleOrientation.m */; };
		DCBBC842FB40411EAEDFBF4F /* CDVLocalFilesystem.m in Sources */ = {isa = PBXBuildFile; fileRef = F38CF0A984F7420497E41B7B /* CDVLocalFilesystem.m */; };
		E6DA544F198842F98B91A06B /* SystemConfiguration.framework in Frameworks */ = {isa = PBXBuildFile; fileRef = E446718B387F4EB3A41B52A2 /* SystemConfiguration.framework */; settings = {ATTRIBUTES = (Weak, ); }; };
		E8298DEE21884903BF0A3C87 /* CDVJpegHeaderWriter.m in Sources */ = {isa = PBXBuildFile; fileRef = 6A54D1EFFB32493AAEB0FC61 /* CDVJpegHeaderWriter.m */; };
		EA6CE0B5C5A740A6AE7A179E /* CDVNavigationWhitelistPlugin.m in Sources */ = {isa = PBXBuildFile; fileRef = 8AC883E2F2CA4945AA0BCA82 /* CDVNavigationWhitelistPlugin.m */; };
		EE6C75C837EA426FA2B15796 /* CDVInAppBrowser.m in Sources */ = {isa = PBXBuildFile; fileRef = D6457A55A3CA4315B55B5499 /* CDVInAppBrowser.m */; };
		EF33CEDBF02A47CFBFEC535C /* AddressBook.framework in Frameworks */ = {isa = PBXBuildFile; fileRef = 2DD0191EEE0847D9A3FD62FB /* AddressBook.framework */; settings = {ATTRIBUTES = (Weak, ); }; };
		F1AD8EED4738479EA62D63D4 /* CDVSound.m in Sources */ = {isa = PBXBuildFile; fileRef = 7F8621912085477291970A6D /* CDVSound.m */; };
		F57E6FCE01C64D968EDED267 /* AddressBookUI.framework in Frameworks */ = {isa = PBXBuildFile; fileRef = AD7F62DBE822495A87A241F1 /* AddressBookUI.framework */; settings = {ATTRIBUTES = (Weak, ); }; };
		FF6CDB1398E24D91A81E03CD /* ImageIO.framework in Frameworks */ = {isa = PBXBuildFile; fileRef = 9B318DF6D46544B196E57149 /* ImageIO.framework */; settings = {ATTRIBUTES = (Weak, ); }; };
/* End PBXBuildFile section */

/* Begin PBXContainerItemProxy section */
		301BF534109A57CC0062928A /* PBXContainerItemProxy */ = {
			isa = PBXContainerItemProxy;
			containerPortal = 301BF52D109A57CC0062928A /* CordovaLib.xcodeproj */;
			proxyType = 2;
			remoteGlobalIDString = D2AAC07E0554694100DB518D;
			remoteInfo = CordovaLib;
		};
		301BF550109A68C00062928A /* PBXContainerItemProxy */ = {
			isa = PBXContainerItemProxy;
			containerPortal = 301BF52D109A57CC0062928A /* CordovaLib.xcodeproj */;
			proxyType = 1;
			remoteGlobalIDString = D2AAC07D0554694100DB518D;
			remoteInfo = CordovaLib;
		};
/* End PBXContainerItemProxy section */

/* Begin PBXFileReference section */
		0207DA571B56EA530066E2B4 /* Images.xcassets */ = {isa = PBXFileReference; lastKnownFileType = folder.assetcatalog; name = Images.xcassets; path = HelloCordova/Images.xcassets; sourceTree = SOURCE_ROOT; };
		02F6F520ADAD44A099898743 /* CDVFileTransfer.m */ = {isa = PBXFileReference; fileEncoding = 4; lastKnownFileType = sourcecode.c.objc; name = CDVFileTransfer.m; path = "cordova-plugin-file-transfer/CDVFileTransfer.m"; sourceTree = "<group>"; };
		080E54A6013C44D0BB257810 /* CDVCompass.h */ = {isa = PBXFileReference; fileEncoding = 4; lastKnownFileType = sourcecode.c.h; name = CDVCompass.h; path = "cordova-plugin-device-orientation/CDVCompass.h"; sourceTree = "<group>"; };
		085F40DA046649129A8F7FCE /* CDVDevice.h */ = {isa = PBXFileReference; fileEncoding = 4; lastKnownFileType = sourcecode.c.h; name = CDVDevice.h; path = "cordova-plugin-device/CDVDevice.h"; sourceTree = "<group>"; };
		0BAA2FEB731B46ABA7DCB9A9 /* CDVWKWebViewUIDelegate.m */ = {isa = PBXFileReference; fileEncoding = 4; lastKnownFileType = sourcecode.c.objc; name = CDVWKWebViewUIDelegate.m; path = "cordova-plugin-wkwebview-engine/CDVWKWebViewUIDelegate.m"; sourceTree = "<group>"; };
		0D10ED801526453FA773CF24 /* CDVCompass.m */ = {isa = PBXFileReference; fileEncoding = 4; lastKnownFileType = sourcecode.c.objc; name = CDVCompass.m; path = "cordova-plugin-device-orientation/CDVCompass.m"; sourceTree = "<group>"; };
		15771F758BEC41739BBB1851 /* CDVAccelerometer.m */ = {isa = PBXFileReference; fileEncoding = 4; lastKnownFileType = sourcecode.c.objc; name = CDVAccelerometer.m; path = "cordova-plugin-device-motion/CDVAccelerometer.m"; sourceTree = "<group>"; };
		1C489D0C21D54B9DBE7C9A20 /* CDVCapture.bundle */ = {isa = PBXFileReference; lastKnownFileType = "wrapper.plug-in"; path = CDVCapture.bundle; sourceTree = "<group>"; };
		1D3623240D0F684500981E51 /* AppDelegate.h */ = {isa = PBXFileReference; fileEncoding = 4; lastKnownFileType = sourcecode.c.h; path = AppDelegate.h; sourceTree = "<group>"; };
		1D3623250D0F684500981E51 /* AppDelegate.m */ = {isa = PBXFileReference; fileEncoding = 4; lastKnownFileType = sourcecode.c.objc; path = AppDelegate.m; sourceTree = "<group>"; };
		1D6058910D05DD3D006BFB54 /* HelloCordova.app */ = {isa = PBXFileReference; explicitFileType = wrapper.application; includeInIndex = 0; path = HelloCordova.app; sourceTree = BUILT_PRODUCTS_DIR; };
		203F8899331E40EBB3CA6E41 /* CoreMotion.framework */ = {isa = PBXFileReference; fileEncoding = 4; lastKnownFileType = wrapper.framework; name = CoreMotion.framework; path = System/Library/Frameworks/CoreMotion.framework; sourceTree = SDKROOT; };
		21B3D53F3A3946E988DC49BC /* CDVNotification.bundle */ = {isa = PBXFileReference; lastKnownFileType = "wrapper.plug-in"; path = CDVNotification.bundle; sourceTree = "<group>"; };
		2684228090344918988F20BE /* CDVConnection.m */ = {isa = PBXFileReference; fileEncoding = 4; lastKnownFileType = sourcecode.c.objc; name = CDVConnection.m; path = "cordova-plugin-network-information/CDVConnection.m"; sourceTree = "<group>"; };
		280580323066463EA7193281 /* CDVExif.h */ = {isa = PBXFileReference; fileEncoding = 4; lastKnownFileType = sourcecode.c.h; name = CDVExif.h; path = "cordova-plugin-camera/CDVExif.h"; sourceTree = "<group>"; };
		29B97316FDCFA39411CA2CEA /* main.m */ = {isa = PBXFileReference; fileEncoding = 4; lastKnownFileType = sourcecode.c.objc; path = main.m; sourceTree = "<group>"; };
		2C39F6F08DB5441297ECF87C /* CDVNotification.h */ = {isa = PBXFileReference; fileEncoding = 4; lastKnownFileType = sourcecode.c.h; name = CDVNotification.h; path = "cordova-plugin-dialogs/CDVNotification.h"; sourceTree = "<group>"; };
		2DD0191EEE0847D9A3FD62FB /* AddressBook.framework */ = {isa = PBXFileReference; fileEncoding = 4; lastKnownFileType = wrapper.framework; name = AddressBook.framework; path = System/Library/Frameworks/AddressBook.framework; sourceTree = SDKROOT; };
		301BF52D109A57CC0062928A /* CordovaLib.xcodeproj */ = {isa = PBXFileReference; lastKnownFileType = "wrapper.pb-project"; name = CordovaLib.xcodeproj; path = CordovaLib/CordovaLib.xcodeproj; sourceTree = "<group>"; };
		301BF56E109A69640062928A /* www */ = {isa = PBXFileReference; lastKnownFileType = folder; path = www; sourceTree = SOURCE_ROOT; };
		302D95EE14D2391D003F00A1 /* MainViewController.h */ = {isa = PBXFileReference; fileEncoding = 4; lastKnownFileType = sourcecode.c.h; path = MainViewController.h; sourceTree = "<group>"; };
		302D95EF14D2391D003F00A1 /* MainViewController.m */ = {isa = PBXFileReference; fileEncoding = 4; lastKnownFileType = sourcecode.c.objc; path = MainViewController.m; sourceTree = "<group>"; };
		302D95F014D2391D003F00A1 /* MainViewController.xib */ = {isa = PBXFileReference; fileEncoding = 4; lastKnownFileType = file.xib; path = MainViewController.xib; sourceTree = "<group>"; };
		3047A50F1AB8059700498E2A /* build-debug.xcconfig */ = {isa = PBXFileReference; fileEncoding = 4; lastKnownFileType = text.xcconfig; name = "build-debug.xcconfig"; path = "cordova/build-debug.xcconfig"; sourceTree = SOURCE_ROOT; };
		3047A5101AB8059700498E2A /* build-release.xcconfig */ = {isa = PBXFileReference; fileEncoding = 4; lastKnownFileType = text.xcconfig; name = "build-release.xcconfig"; path = "cordova/build-release.xcconfig"; sourceTree = SOURCE_ROOT; };
		3047A5111AB8059700498E2A /* build.xcconfig */ = {isa = PBXFileReference; fileEncoding = 4; lastKnownFileType = text.xcconfig; name = build.xcconfig; path = cordova/build.xcconfig; sourceTree = SOURCE_ROOT; };
		30A30693F0454B25B39F5512 /* CDVVibration.m */ = {isa = PBXFileReference; fileEncoding = 4; lastKnownFileType = sourcecode.c.objc; name = CDVVibration.m; path = "cordova-plugin-vibration/CDVVibration.m"; sourceTree = "<group>"; };
		30AB1BD680054EF58F036395 /* CDVFile.m */ = {isa = PBXFileReference; fileEncoding = 4; lastKnownFileType = sourcecode.c.objc; name = CDVFile.m; path = "cordova-plugin-file/CDVFile.m"; sourceTree = "<group>"; };
		32CA4F630368D1EE00C91783 /* HelloCordova-Prefix.pch */ = {isa = PBXFileReference; fileEncoding = 4; lastKnownFileType = sourcecode.c.h; path = "HelloCordova-Prefix.pch"; sourceTree = "<group>"; };
		354263E85D274198BBE3AEC3 /* CDVCapture.h */ = {isa = PBXFileReference; fileEncoding = 4; lastKnownFileType = sourcecode.c.h; name = CDVCapture.h; path = "cordova-plugin-media-capture/CDVCapture.h"; sourceTree = "<group>"; };
		486DA130CE264EC69A3F76C4 /* CDVFileTransfer.h */ = {isa = PBXFileReference; fileEncoding = 4; lastKnownFileType = sourcecode.c.h; name = CDVFileTransfer.h; path = "cordova-plugin-file-transfer/CDVFileTransfer.h"; sourceTree = "<group>"; };
		5160B9ED8C104A6BA0B30C74 /* CDVCamera.h */ = {isa = PBXFileReference; fileEncoding = 4; lastKnownFileType = sourcecode.c.h; name = CDVCamera.h; path = "cordova-plugin-camera/CDVCamera.h"; sourceTree = "<group>"; };
		55BE90A82BD743888DAFE758 /* CDVBattery.m */ = {isa = PBXFileReference; fileEncoding = 4; lastKnownFileType = sourcecode.c.objc; name = CDVBattery.m; path = "cordova-plugin-battery-status/CDVBattery.m"; sourceTree = "<group>"; };
		5B42E6115BA34CD5A03C74E7 /* CDVConnection.h */ = {isa = PBXFileReference; fileEncoding = 4; lastKnownFileType = sourcecode.c.h; name = CDVConnection.h; path = "cordova-plugin-network-information/CDVConnection.h"; sourceTree = "<group>"; };
		5F2F24A7484248C7888A8108 /* AVFoundation.framework */ = {isa = PBXFileReference; fileEncoding = 4; lastKnownFileType = wrapper.framework; name = AVFoundation.framework; path = System/Library/Frameworks/AVFoundation.framework; sourceTree = SDKROOT; };
		622070ACFB354F2B9965483F /* CDVWKWebViewEngine.m */ = {isa = PBXFileReference; fileEncoding = 4; lastKnownFileType = sourcecode.c.objc; name = CDVWKWebViewEngine.m; path = "cordova-plugin-wkwebview-engine/CDVWKWebViewEngine.m"; sourceTree = "<group>"; };
		64720F9D95B34D66A7FE1A21 /* CoreLocation.framework */ = {isa = PBXFileReference; fileEncoding = 4; lastKnownFileType = wrapper.framework; name = CoreLocation.framework; path = System/Library/Frameworks/CoreLocation.framework; sourceTree = SDKROOT; };
		698B4FA0D2A5442DA729E610 /* CDVGlobalization.h */ = {isa = PBXFileReference; fileEncoding = 4; lastKnownFileType = sourcecode.c.h; name = CDVGlobalization.h; path = "cordova-plugin-globalization/CDVGlobalization.h"; sourceTree = "<group>"; };
		6A54D1EFFB32493AAEB0FC61 /* CDVJpegHeaderWriter.m */ = {isa = PBXFileReference; fileEncoding = 4; lastKnownFileType = sourcecode.c.objc; name = CDVJpegHeaderWriter.m; path = "cordova-plugin-camera/CDVJpegHeaderWriter.m"; sourceTree = "<group>"; };
		6E38BFAD3D2F45E68AEABC7B /* CDVFile.h */ = {isa = PBXFileReference; fileEncoding = 4; lastKnownFileType = sourcecode.c.h; name = CDVFile.h; path = "cordova-plugin-file/CDVFile.h"; sourceTree = "<group>"; };
		720FB12F4F6D4117B7673D07 /* CDVLocalFilesystem.h */ = {isa = PBXFileReference; fileEncoding = 4; lastKnownFileType = sourcecode.c.h; name = CDVLocalFilesystem.h; path = "cordova-plugin-file/CDVLocalFilesystem.h"; sourceTree = "<group>"; };
		7495B99038E340AE8E479ACD /* CDVViewController+SplashScreen.m */ = {isa = PBXFileReference; fileEncoding = 4; lastKnownFileType = sourcecode.c.objc; name = "CDVViewController+SplashScreen.m"; path = "cordova-plugin-splashscreen/CDVViewController+SplashScreen.m"; sourceTree = "<group>"; };
		76DE60A71E0746A7B347BA11 /* CDVContacts.h */ = {isa = PBXFileReference; fileEncoding = 4; lastKnownFileType = sourcecode.c.h; name = CDVContacts.h; path = "cordova-plugin-contacts/CDVContacts.h"; sourceTree = "<group>"; };
		7BD3741DA2B24A9CB3200D52 /* CDVSplashScreen.h */ = {isa = PBXFileReference; fileEncoding = 4; lastKnownFileType = sourcecode.c.h; name = CDVSplashScreen.h; path = "cordova-plugin-splashscreen/CDVSplashScreen.h"; sourceTree = "<group>"; };
		7CAC9C4D5EA54061AB088EF8 /* CDVWKWebViewUIDelegate.h */ = {isa = PBXFileReference; fileEncoding = 4; lastKnownFileType = sourcecode.c.h; name = CDVWKWebViewUIDelegate.h; path = "cordova-plugin-wkwebview-engine/CDVWKWebViewUIDelegate.h"; sourceTree = "<group>"; };
		7F8621912085477291970A6D /* CDVSound.m */ = {isa = PBXFileReference; fileEncoding = 4; lastKnownFileType = sourcecode.c.objc; name = CDVSound.m; path = "cordova-plugin-media/CDVSound.m"; sourceTree = "<group>"; };
		845C4E4707EA4277940E4059 /* CDVBattery.h */ = {isa = PBXFileReference; fileEncoding = 4; lastKnownFileType = sourcecode.c.h; name = CDVBattery.h; path = "cordova-plugin-battery-status/CDVBattery.h"; sourceTree = "<group>"; };
		86BE4BC1E6EB4D4CA46A11C9 /* CDVCapture.m */ = {isa = PBXFileReference; fileEncoding = 4; lastKnownFileType = sourcecode.c.objc; name = CDVCapture.m; path = "cordova-plugin-media-capture/CDVCapture.m"; sourceTree = "<group>"; };
		873799721E6A403D8396A15E /* CDVAssetLibraryFilesystem.m */ = {isa = PBXFileReference; fileEncoding = 4; lastKnownFileType = sourcecode.c.objc; name = CDVAssetLibraryFilesystem.m; path = "cordova-plugin-file/CDVAssetLibraryFilesystem.m"; sourceTree = "<group>"; };
		8AC883E2F2CA4945AA0BCA82 /* CDVNavigationWhitelistPlugin.m */ = {isa = PBXFileReference; fileEncoding = 4; lastKnownFileType = sourcecode.c.objc; name = CDVNavigationWhitelistPlugin.m; path = "cordova-plugin-whitelist/CDVNavigationWhitelistPlugin.m"; sourceTree = "<group>"; };
		8D1107310486CEB800E47090 /* HelloCordova-Info.plist */ = {isa = PBXFileReference; fileEncoding = 4; lastKnownFileType = text.plist.xml; name = "HelloCordova-Info.plist"; path = "HelloCordova/HelloCordova-Info.plist"; plistStructureDefinitionIdentifier = "com.apple.xcode.plist.structure-definition.iphone.info-plist"; sourceTree = SOURCE_ROOT; };
		8E4232CBE76D450E8909CBCA /* UIImage+CropScaleOrientation.h */ = {isa = PBXFileReference; fileEncoding = 4; lastKnownFileType = sourcecode.c.h; name = "UIImage+CropScaleOrientation.h"; path = "cordova-plugin-camera/UIImage+CropScaleOrientation.h"; sourceTree = "<group>"; };
		8ED7D4DE701E4FD3AAE4D26E /* CDVInAppBrowser.h */ = {isa = PBXFileReference; fileEncoding = 4; lastKnownFileType = sourcecode.c.h; name = CDVInAppBrowser.h; path = "cordova-plugin-inappbrowser/CDVInAppBrowser.h"; sourceTree = "<group>"; };
		90D749BC060947588DC84A67 /* CDVAssetLibraryFilesystem.h */ = {isa = PBXFileReference; fileEncoding = 4; lastKnownFileType = sourcecode.c.h; name = CDVAssetLibraryFilesystem.h; path = "cordova-plugin-file/CDVAssetLibraryFilesystem.h"; sourceTree = "<group>"; };
		911C4001375D488DAEC30A04 /* CDVNotification.m */ = {isa = PBXFileReference; fileEncoding = 4; lastKnownFileType = sourcecode.c.objc; name = CDVNotification.m; path = "cordova-plugin-dialogs/CDVNotification.m"; sourceTree = "<group>"; };
		97690E61A2F14F249C649BB5 /* CDVLocation.h */ = {isa = PBXFileReference; fileEncoding = 4; lastKnownFileType = sourcecode.c.h; name = CDVLocation.h; path = "cordova-plugin-geolocation/CDVLocation.h"; sourceTree = "<group>"; };
		9867BE7D1BAD9481009E23E3 /* NSData+Base64.h */ = {isa = PBXFileReference; fileEncoding = 4; lastKnownFileType = sourcecode.c.h; path = "NSData+Base64.h"; sourceTree = "<group>"; };
		9867BE7E1BAD9481009E23E3 /* NSData+Base64.m */ = {isa = PBXFileReference; fileEncoding = 4; lastKnownFileType = sourcecode.c.objc; path = "NSData+Base64.m"; sourceTree = "<group>"; };
		99A2577DC7DB4C8DB7DBACAC /* CDVContacts.m */ = {isa = PBXFileReference; fileEncoding = 4; lastKnownFileType = sourcecode.c.objc; name = CDVContacts.m; path = "cordova-plugin-contacts/CDVContacts.m"; sourceTree = "<group>"; };
		9B318DF6D46544B196E57149 /* ImageIO.framework */ = {isa = PBXFileReference; fileEncoding = 4; lastKnownFileType = wrapper.framework; name = ImageIO.framework; path = System/Library/Frameworks/ImageIO.framework; sourceTree = SDKROOT; };
		9E9D956BE05C4828821B973B /* CDVSplashScreen.m */ = {isa = PBXFileReference; fileEncoding = 4; lastKnownFileType = sourcecode.c.objc; name = CDVSplashScreen.m; path = "cordova-plugin-splashscreen/CDVSplashScreen.m"; sourceTree = "<group>"; };
		A2303CCB701643CBA1FD3F24 /* CDVGlobalization.m */ = {isa = PBXFileReference; fileEncoding = 4; lastKnownFileType = sourcecode.c.objc; name = CDVGlobalization.m; path = "cordova-plugin-globalization/CDVGlobalization.m"; sourceTree = "<group>"; };
		A352109806D64995984A96B2 /* WebKit.framework */ = {isa = PBXFileReference; fileEncoding = 4; lastKnownFileType = wrapper.framework; name = WebKit.framework; path = System/Library/Frameworks/WebKit.framework; sourceTree = SDKROOT; };
		A430DAABB00A469FA9CE3DC6 /* CDVCamera.m */ = {isa = PBXFileReference; fileEncoding = 4; lastKnownFileType = sourcecode.c.objc; name = CDVCamera.m; path = "cordova-plugin-camera/CDVCamera.m"; sourceTree = "<group>"; };
		A4827390916C4E3EAFDA6049 /* CDVReachability.m */ = {isa = PBXFileReference; fileEncoding = 4; lastKnownFileType = sourcecode.c.objc; name = CDVReachability.m; path = "cordova-plugin-network-information/CDVReachability.m"; sourceTree = "<group>"; };
		A84F04A1749E498E853A5609 /* CDVReachability.h */ = {isa = PBXFileReference; fileEncoding = 4; lastKnownFileType = sourcecode.c.h; name = CDVReachability.h; path = "cordova-plugin-network-information/CDVReachability.h"; sourceTree = "<group>"; };
		ABEA666808CF4E4A95FF30C7 /* CDVAccelerometer.h */ = {isa = PBXFileReference; fileEncoding = 4; lastKnownFileType = sourcecode.c.h; name = CDVAccelerometer.h; path = "cordova-plugin-device-motion/CDVAccelerometer.h"; sourceTree = "<group>"; };
		AD7F62DBE822495A87A241F1 /* AddressBookUI.framework */ = {isa = PBXFileReference; fileEncoding = 4; lastKnownFileType = wrapper.framework; name = AddressBookUI.framework; path = System/Library/Frameworks/AddressBookUI.framework; sourceTree = SDKROOT; };
		BA8D41B5B9C04B668EB0C90F /* CDVWKWebViewEngine.h */ = {isa = PBXFileReference; fileEncoding = 4; lastKnownFileType = sourcecode.c.h; name = CDVWKWebViewEngine.h; path = "cordova-plugin-wkwebview-engine/CDVWKWebViewEngine.h"; sourceTree = "<group>"; };
		C188E6522106401D8C877514 /* CDVContact.h */ = {isa = PBXFileReference; fileEncoding = 4; lastKnownFileType = sourcecode.c.h; name = CDVContact.h; path = "cordova-plugin-contacts/CDVContact.h"; sourceTree = "<group>"; };
		C5DDC0BE66294970B09B3232 /* AudioToolbox.framework */ = {isa = PBXFileReference; fileEncoding = 4; lastKnownFileType = wrapper.framework; name = AudioToolbox.framework; path = System/Library/Frameworks/AudioToolbox.framework; sourceTree = SDKROOT; };
		D3957F16709F44F29A48654A /* CDVLocation.m */ = {isa = PBXFileReference; fileEncoding = 4; lastKnownFileType = sourcecode.c.objc; name = CDVLocation.m; path = "cordova-plugin-geolocation/CDVLocation.m"; sourceTree = "<group>"; };
		D6457A55A3CA4315B55B5499 /* CDVInAppBrowser.m */ = {isa = PBXFileReference; fileEncoding = 4; lastKnownFileType = sourcecode.c.objc; name = CDVInAppBrowser.m; path = "cordova-plugin-inappbrowser/CDVInAppBrowser.m"; sourceTree = "<group>"; };
		E3AFF87F346042CD824B0CDC /* CDVNavigationWhitelistPlugin.h */ = {isa = PBXFileReference; fileEncoding = 4; lastKnownFileType = sourcecode.c.h; name = CDVNavigationWhitelistPlugin.h; path = "cordova-plugin-whitelist/CDVNavigationWhitelistPlugin.h"; sourceTree = "<group>"; };
		E446718B387F4EB3A41B52A2 /* SystemConfiguration.framework */ = {isa = PBXFileReference; fileEncoding = 4; lastKnownFileType = wrapper.framework; name = SystemConfiguration.framework; path = System/Library/Frameworks/SystemConfiguration.framework; sourceTree = SDKROOT; };
		E63190F3E4AA4E36AC0C444D /* CDVContact.m */ = {isa = PBXFileReference; fileEncoding = 4; lastKnownFileType = sourcecode.c.objc; name = CDVContact.m; path = "cordova-plugin-contacts/CDVContact.m"; sourceTree = "<group>"; };
		E9E2038F257D48E0ADF4A0DD /* UIImage+CropScaleOrientation.m */ = {isa = PBXFileReference; fileEncoding = 4; lastKnownFileType = sourcecode.c.objc; name = "UIImage+CropScaleOrientation.m"; path = "cordova-plugin-camera/UIImage+CropScaleOrientation.m"; sourceTree = "<group>"; };
		EB87FDF31871DA8E0020F90C /* www */ = {isa = PBXFileReference; lastKnownFileType = folder; name = www; path = ../../www; sourceTree = "<group>"; };
		EB87FDF41871DAF40020F90C /* config.xml */ = {isa = PBXFileReference; lastKnownFileType = text.xml; name = config.xml; path = ../../config.xml; sourceTree = "<group>"; };
		ED33DF2A687741AEAF9F8254 /* Bridging-Header.h */ = {isa = PBXFileReference; fileEncoding = 4; lastKnownFileType = sourcecode.c.h; path = "Bridging-Header.h"; sourceTree = "<group>"; };
		F2DB421D7D77426C96EB6B20 /* CDVVibration.h */ = {isa = PBXFileReference; fileEncoding = 4; lastKnownFileType = sourcecode.c.h; name = CDVVibration.h; path = "cordova-plugin-vibration/CDVVibration.h"; sourceTree = "<group>"; };
		F38CF0A984F7420497E41B7B /* CDVLocalFilesystem.m */ = {isa = PBXFileReference; fileEncoding = 4; lastKnownFileType = sourcecode.c.objc; name = CDVLocalFilesystem.m; path = "cordova-plugin-file/CDVLocalFilesystem.m"; sourceTree = "<group>"; };
		F3EA7BD7CAF544E980E38EBA /* CDVViewController+SplashScreen.h */ = {isa = PBXFileReference; fileEncoding = 4; lastKnownFileType = sourcecode.c.h; name = "CDVViewController+SplashScreen.h"; path = "cordova-plugin-splashscreen/CDVViewController+SplashScreen.h"; sourceTree = "<group>"; };
		F81B038A43FD42D4B445A912 /* CDVJpegHeaderWriter.h */ = {isa = PBXFileReference; fileEncoding = 4; lastKnownFileType = sourcecode.c.h; name = CDVJpegHeaderWriter.h; path = "cordova-plugin-camera/CDVJpegHeaderWriter.h"; sourceTree = "<group>"; };
		F821EBAF39CF4692B092E023 /* CDVDevice.m */ = {isa = PBXFileReference; fileEncoding = 4; lastKnownFileType = sourcecode.c.objc; name = CDVDevice.m; path = "cordova-plugin-device/CDVDevice.m"; sourceTree = "<group>"; };
		F840E1F0165FE0F500CFE078 /* config.xml */ = {isa = PBXFileReference; lastKnownFileType = text.xml; name = config.xml; path = HelloCordova/config.xml; sourceTree = "<group>"; };
		FBAD59BB5D994BA0B97FA5A0 /* CDVSound.h */ = {isa = PBXFileReference; fileEncoding = 4; lastKnownFileType = sourcecode.c.h; name = CDVSound.h; path = "cordova-plugin-media/CDVSound.h"; sourceTree = "<group>"; };
/* End PBXFileReference section */

/* Begin PBXFrameworksBuildPhase section */
		1D60588F0D05DD3D006BFB54 /* Frameworks */ = {
			isa = PBXFrameworksBuildPhase;
			buildActionMask = 2147483647;
			files = (
				301BF552109A68D80062928A /* libCordova.a in Frameworks */,
				3923EE1CDAA144079DE126F2 /* CoreMotion.framework in Frameworks */,
				FF6CDB1398E24D91A81E03CD /* ImageIO.framework in Frameworks */,
				BE3521E04AF842A0899D9E33 /* CoreLocation.framework in Frameworks */,
				21648A4F7F1C4556A9B1E786 /* AVFoundation.framework in Frameworks */,
				E6DA544F198842F98B91A06B /* SystemConfiguration.framework in Frameworks */,
				EF33CEDBF02A47CFBFEC535C /* AddressBook.framework in Frameworks */,
				F57E6FCE01C64D968EDED267 /* AddressBookUI.framework in Frameworks */,
				AD35CCFC90DF46159E81F3B9 /* AudioToolbox.framework in Frameworks */,
				884DC0999D814CE7A7DCB044 /* WebKit.framework in Frameworks */,
			);
			runOnlyForDeploymentPostprocessing = 0;
		};
/* End PBXFrameworksBuildPhase section */

/* Begin PBXGroup section */
		080E96DDFE201D6D7F000001 /* Classes */ = {
			isa = PBXGroup;
			children = (
				302D95EE14D2391D003F00A1 /* MainViewController.h */,
				302D95EF14D2391D003F00A1 /* MainViewController.m */,
				302D95F014D2391D003F00A1 /* MainViewController.xib */,
				1D3623240D0F684500981E51 /* AppDelegate.h */,
				1D3623250D0F684500981E51 /* AppDelegate.m */,
			);
			name = Classes;
			path = HelloCordova/Classes;
			sourceTree = SOURCE_ROOT;
		};
		19C28FACFE9D520D11CA2CBB /* Products */ = {
			isa = PBXGroup;
			children = (
				1D6058910D05DD3D006BFB54 /* HelloCordova.app */,
			);
			name = Products;
			sourceTree = "<group>";
		};
		29B97314FDCFA39411CA2CEA /* CustomTemplate */ = {
			isa = PBXGroup;
			children = (
				EB87FDF41871DAF40020F90C /* config.xml */,
				EB87FDF31871DA8E0020F90C /* www */,
				EB87FDF11871DA420020F90C /* Staging */,
				301BF52D109A57CC0062928A /* CordovaLib.xcodeproj */,
				080E96DDFE201D6D7F000001 /* Classes */,
				307C750510C5A3420062BCA9 /* Plugins */,
				29B97315FDCFA39411CA2CEA /* Other Sources */,
				29B97317FDCFA39411CA2CEA /* Resources */,
				29B97323FDCFA39411CA2CEA /* Frameworks */,
				19C28FACFE9D520D11CA2CBB /* Products */,
			);
			name = CustomTemplate;
			sourceTree = "<group>";
		};
		29B97315FDCFA39411CA2CEA /* Other Sources */ = {
			isa = PBXGroup;
			children = (
				32CA4F630368D1EE00C91783 /* HelloCordova-Prefix.pch */,
				29B97316FDCFA39411CA2CEA /* main.m */,
				ED33DF2A687741AEAF9F8254 /* Bridging-Header.h */,
			);
			name = "Other Sources";
			path = HelloCordova;
			sourceTree = "<group>";
		};
		29B97317FDCFA39411CA2CEA /* Resources */ = {
			isa = PBXGroup;
			children = (
				0207DA571B56EA530066E2B4 /* Images.xcassets */,
				3047A50E1AB8057F00498E2A /* config */,
				8D1107310486CEB800E47090 /* HelloCordova-Info.plist */,
				1C489D0C21D54B9DBE7C9A20 /* CDVCapture.bundle */,
				21B3D53F3A3946E988DC49BC /* CDVNotification.bundle */,
			);
			name = Resources;
			path = HelloCordova/Resources;
			sourceTree = "<group>";
		};
		29B97323FDCFA39411CA2CEA /* Frameworks */ = {
			isa = PBXGroup;
			children = (
				203F8899331E40EBB3CA6E41 /* CoreMotion.framework */,
				9B318DF6D46544B196E57149 /* ImageIO.framework */,
				64720F9D95B34D66A7FE1A21 /* CoreLocation.framework */,
				5F2F24A7484248C7888A8108 /* AVFoundation.framework */,
				E446718B387F4EB3A41B52A2 /* SystemConfiguration.framework */,
				2DD0191EEE0847D9A3FD62FB /* AddressBook.framework */,
				AD7F62DBE822495A87A241F1 /* AddressBookUI.framework */,
				C5DDC0BE66294970B09B3232 /* AudioToolbox.framework */,
				A352109806D64995984A96B2 /* WebKit.framework */,
			);
			name = Frameworks;
			sourceTree = "<group>";
		};
		301BF52E109A57CC0062928A /* Products */ = {
			isa = PBXGroup;
			children = (
				301BF535109A57CC0062928A /* libCordova.a */,
			);
			name = Products;
			sourceTree = "<group>";
		};
		3047A50E1AB8057F00498E2A /* config */ = {
			isa = PBXGroup;
			children = (
				3047A50F1AB8059700498E2A /* build-debug.xcconfig */,
				3047A5101AB8059700498E2A /* build-release.xcconfig */,
				3047A5111AB8059700498E2A /* build.xcconfig */,
			);
			name = config;
			sourceTree = "<group>";
		};
		307C750510C5A3420062BCA9 /* Plugins */ = {
			isa = PBXGroup;
			children = (
				9867BE7D1BAD9481009E23E3 /* NSData+Base64.h */,
				9867BE7E1BAD9481009E23E3 /* NSData+Base64.m */,
				8AC883E2F2CA4945AA0BCA82 /* CDVNavigationWhitelistPlugin.m */,
				E3AFF87F346042CD824B0CDC /* CDVNavigationWhitelistPlugin.h */,
				15771F758BEC41739BBB1851 /* CDVAccelerometer.m */,
				ABEA666808CF4E4A95FF30C7 /* CDVAccelerometer.h */,
				E9E2038F257D48E0ADF4A0DD /* UIImage+CropScaleOrientation.m */,
				A430DAABB00A469FA9CE3DC6 /* CDVCamera.m */,
				6A54D1EFFB32493AAEB0FC61 /* CDVJpegHeaderWriter.m */,
				8E4232CBE76D450E8909CBCA /* UIImage+CropScaleOrientation.h */,
				5160B9ED8C104A6BA0B30C74 /* CDVCamera.h */,
				F81B038A43FD42D4B445A912 /* CDVJpegHeaderWriter.h */,
				280580323066463EA7193281 /* CDVExif.h */,
				30AB1BD680054EF58F036395 /* CDVFile.m */,
				F38CF0A984F7420497E41B7B /* CDVLocalFilesystem.m */,
				873799721E6A403D8396A15E /* CDVAssetLibraryFilesystem.m */,
				6E38BFAD3D2F45E68AEABC7B /* CDVFile.h */,
				720FB12F4F6D4117B7673D07 /* CDVLocalFilesystem.h */,
				90D749BC060947588DC84A67 /* CDVAssetLibraryFilesystem.h */,
				86BE4BC1E6EB4D4CA46A11C9 /* CDVCapture.m */,
				354263E85D274198BBE3AEC3 /* CDVCapture.h */,
				0D10ED801526453FA773CF24 /* CDVCompass.m */,
				080E54A6013C44D0BB257810 /* CDVCompass.h */,
				2684228090344918988F20BE /* CDVConnection.m */,
				A4827390916C4E3EAFDA6049 /* CDVReachability.m */,
				5B42E6115BA34CD5A03C74E7 /* CDVConnection.h */,
				A84F04A1749E498E853A5609 /* CDVReachability.h */,
				99A2577DC7DB4C8DB7DBACAC /* CDVContacts.m */,
				E63190F3E4AA4E36AC0C444D /* CDVContact.m */,
				76DE60A71E0746A7B347BA11 /* CDVContacts.h */,
				C188E6522106401D8C877514 /* CDVContact.h */,
				F821EBAF39CF4692B092E023 /* CDVDevice.m */,
				085F40DA046649129A8F7FCE /* CDVDevice.h */,
				55BE90A82BD743888DAFE758 /* CDVBattery.m */,
				845C4E4707EA4277940E4059 /* CDVBattery.h */,
				02F6F520ADAD44A099898743 /* CDVFileTransfer.m */,
				486DA130CE264EC69A3F76C4 /* CDVFileTransfer.h */,
				D3957F16709F44F29A48654A /* CDVLocation.m */,
				97690E61A2F14F249C649BB5 /* CDVLocation.h */,
				A2303CCB701643CBA1FD3F24 /* CDVGlobalization.m */,
				698B4FA0D2A5442DA729E610 /* CDVGlobalization.h */,
				D6457A55A3CA4315B55B5499 /* CDVInAppBrowser.m */,
				8ED7D4DE701E4FD3AAE4D26E /* CDVInAppBrowser.h */,
				7F8621912085477291970A6D /* CDVSound.m */,
				FBAD59BB5D994BA0B97FA5A0 /* CDVSound.h */,
				911C4001375D488DAEC30A04 /* CDVNotification.m */,
				2C39F6F08DB5441297ECF87C /* CDVNotification.h */,
				30A30693F0454B25B39F5512 /* CDVVibration.m */,
				F2DB421D7D77426C96EB6B20 /* CDVVibration.h */,
				9E9D956BE05C4828821B973B /* CDVSplashScreen.m */,
				7495B99038E340AE8E479ACD /* CDVViewController+SplashScreen.m */,
				7BD3741DA2B24A9CB3200D52 /* CDVSplashScreen.h */,
				F3EA7BD7CAF544E980E38EBA /* CDVViewController+SplashScreen.h */,
				622070ACFB354F2B9965483F /* CDVWKWebViewEngine.m */,
				0BAA2FEB731B46ABA7DCB9A9 /* CDVWKWebViewUIDelegate.m */,
				BA8D41B5B9C04B668EB0C90F /* CDVWKWebViewEngine.h */,
				7CAC9C4D5EA54061AB088EF8 /* CDVWKWebViewUIDelegate.h */,
			);
			name = Plugins;
			path = HelloCordova/Plugins;
			sourceTree = SOURCE_ROOT;
		};
		EB87FDF11871DA420020F90C /* Staging */ = {
			isa = PBXGroup;
			children = (
				F840E1F0165FE0F500CFE078 /* config.xml */,
				301BF56E109A69640062928A /* www */,
			);
			name = Staging;
			sourceTree = "<group>";
		};
/* End PBXGroup section */

/* Begin PBXNativeTarget section */
		1D6058900D05DD3D006BFB54 /* HelloCordova */ = {
			isa = PBXNativeTarget;
			buildConfigurationList = 1D6058960D05DD3E006BFB54 /* Build configuration list for PBXNativeTarget "HelloCordova" */;
			buildPhases = (
				304B58A110DAC018002A0835 /* Copy www directory */,
				1D60588D0D05DD3D006BFB54 /* Resources */,
				1D60588E0D05DD3D006BFB54 /* Sources */,
				1D60588F0D05DD3D006BFB54 /* Frameworks */,
			);
			buildRules = (
			);
			dependencies = (
				301BF551109A68C00062928A /* PBXTargetDependency */,
			);
			name = HelloCordova;
			productName = HelloCordova;
			productReference = 1D6058910D05DD3D006BFB54 /* HelloCordova.app */;
			productType = "com.apple.product-type.application";
		};
/* End PBXNativeTarget section */

/* Begin PBXProject section */
		29B97313FDCFA39411CA2CEA /* Project object */ = {
			isa = PBXProject;
			attributes = {
				LastUpgradeCheck = 510;
			};
			buildConfigurationList = C01FCF4E08A954540054247B /* Build configuration list for PBXProject "HelloCordova" */;
			compatibilityVersion = "Xcode 3.2";
			developmentRegion = English;
			hasScannedForEncodings = 1;
			knownRegions = (
				en,
			);
			mainGroup = 29B97314FDCFA39411CA2CEA /* CustomTemplate */;
			projectDirPath = "";
			projectReferences = (
				{
					ProductGroup = 301BF52E109A57CC0062928A /* Products */;
					ProjectRef = 301BF52D109A57CC0062928A /* CordovaLib.xcodeproj */;
				},
			);
			projectRoot = "";
			targets = (
				1D6058900D05DD3D006BFB54 /* HelloCordova */,
			);
		};
/* End PBXProject section */

/* Begin PBXReferenceProxy section */
		301BF535109A57CC0062928A /* libCordova.a */ = {
			isa = PBXReferenceProxy;
			fileType = archive.ar;
			path = libCordova.a;
			remoteRef = 301BF534109A57CC0062928A /* PBXContainerItemProxy */;
			sourceTree = BUILT_PRODUCTS_DIR;
		};
/* End PBXReferenceProxy section */

/* Begin PBXResourcesBuildPhase section */
		1D60588D0D05DD3D006BFB54 /* Resources */ = {
			isa = PBXResourcesBuildPhase;
			buildActionMask = 2147483647;
			files = (
				302D95F214D2391D003F00A1 /* MainViewController.xib in Resources */,
				3047A5131AB8059700498E2A /* build-release.xcconfig in Resources */,
				3047A5141AB8059700498E2A /* build.xcconfig in Resources */,
				0207DA581B56EA530066E2B4 /* Images.xcassets in Resources */,
				3047A5121AB8059700498E2A /* build-debug.xcconfig in Resources */,
				405A350E5B024A5F87A24212 /* CDVCapture.bundle in Resources */,
				7954EFAB62EC42DB84489628 /* CDVNotification.bundle in Resources */,
			);
			runOnlyForDeploymentPostprocessing = 0;
		};
/* End PBXResourcesBuildPhase section */

/* Begin PBXShellScriptBuildPhase section */
		304B58A110DAC018002A0835 /* Copy www directory */ = {
			isa = PBXShellScriptBuildPhase;
			buildActionMask = 2147483647;
			files = (
			);
			inputPaths = (
			);
			name = "Copy www directory";
			outputPaths = (
			);
			runOnlyForDeploymentPostprocessing = 0;
			shellPath = /bin/sh;
			shellScript = "NODEJS_PATH=/usr/local/bin; NVM_NODE_PATH=~/.nvm/versions/node/`nvm version 2>/dev/null`/bin; N_NODE_PATH=`find /usr/local/n/versions/node/* -maxdepth 0 -type d 2>/dev/null | tail -1`/bin; XCODE_NODE_PATH=`xcode-select --print-path`/usr/share/xcs/Node/bin; PATH=$NODEJS_PATH:$NVM_NODE_PATH:$N_NODE_PATH:$XCODE_NODE_PATH:$PATH && node cordova/lib/copy-www-build-step.js";
			showEnvVarsInLog = 0;
		};
/* End PBXShellScriptBuildPhase section */

/* Begin PBXSourcesBuildPhase section */
		1D60588E0D05DD3D006BFB54 /* Sources */ = {
			isa = PBXSourcesBuildPhase;
			buildActionMask = 2147483647;
			files = (
				1D60589B0D05DD56006BFB54 /* main.m in Sources */,
				1D3623260D0F684500981E51 /* AppDelegate.m in Sources */,
				302D95F114D2391D003F00A1 /* MainViewController.m in Sources */,
				EA6CE0B5C5A740A6AE7A179E /* CDVNavigationWhitelistPlugin.m in Sources */,
				5D7165F6C7AB44DD9049A97A /* CDVAccelerometer.m in Sources */,
				CBC36050F7324F8D9B7B193F /* UIImage+CropScaleOrientation.m in Sources */,
				60CE5740A5BD42D8BF7C1EE6 /* CDVCamera.m in Sources */,
				E8298DEE21884903BF0A3C87 /* CDVJpegHeaderWriter.m in Sources */,
				173B36F681AB443CB240B9EE /* CDVFile.m in Sources */,
				DCBBC842FB40411EAEDFBF4F /* CDVLocalFilesystem.m in Sources */,
				7D0A2BA7EA7E445797149E7D /* CDVAssetLibraryFilesystem.m in Sources */,
				949667F170AA4A5B9345792F /* CDVCapture.m in Sources */,
				2EE2D85F085B499680D6C9E9 /* CDVCompass.m in Sources */,
				AD08A080065944ED92A46CB2 /* CDVConnection.m in Sources */,
				5E5433A9433F49238EBDDFC1 /* CDVReachability.m in Sources */,
				1DE6DFC1B3D542D9981F15AB /* CDVContacts.m in Sources */,
				1E99AD03F7B74E80A81F0F74 /* CDVContact.m in Sources */,
				B90ADEA0A39F4D99AACCDAF6 /* CDVDevice.m in Sources */,
				872D2BEF33DD4ABAA264DCFB /* CDVBattery.m in Sources */,
				A7F5ACBDB2ED47CB8365B43B /* CDVFileTransfer.m in Sources */,
				48DA278F221040CBAAC21137 /* CDVLocation.m in Sources */,
				14AB403BC0844D9F9100CB99 /* CDVGlobalization.m in Sources */,
				EE6C75C837EA426FA2B15796 /* CDVInAppBrowser.m in Sources */,
				F1AD8EED4738479EA62D63D4 /* CDVSound.m in Sources */,
				05928C9BC65D4DE4AFCA12EE /* CDVNotification.m in Sources */,
				0EC52C6AA9084A59BEB40EF7 /* CDVVibration.m in Sources */,
				4BAFEEEA68F0490C9880CDD8 /* CDVSplashScreen.m in Sources */,
				9867BE7F1BAD9481009E23E3 /* NSData+Base64.m in Sources */,
				4EDEE720D3DC464C93EF72BA /* CDVViewController+SplashScreen.m in Sources */,
				1662E8A328D54B06A6FF6B79 /* CDVWKWebViewEngine.m in Sources */,
				2D7AF8D54A724878A86137EF /* CDVWKWebViewUIDelegate.m in Sources */,
			);
			runOnlyForDeploymentPostprocessing = 0;
		};
/* End PBXSourcesBuildPhase section */

/* Begin PBXTargetDependency section */
		301BF551109A68C00062928A /* PBXTargetDependency */ = {
			isa = PBXTargetDependency;
			name = CordovaLib;
			targetProxy = 301BF550109A68C00062928A /* PBXContainerItemProxy */;
		};
/* End PBXTargetDependency section */

/* Begin XCBuildConfiguration section */
		1D6058940D05DD3E006BFB54 /* Debug */ = {
			isa = XCBuildConfiguration;
			baseConfigurationReference = 3047A50F1AB8059700498E2A /* build-debug.xcconfig */;
			buildSettings = {
				ALWAYS_SEARCH_USER_PATHS = NO;
				ASSETCATALOG_COMPILER_APPICON_NAME = AppIcon;
				ASSETCATALOG_COMPILER_LAUNCHIMAGE_NAME = LaunchImage;
				CLANG_ENABLE_MODULES = YES;
				CLANG_ENABLE_OBJC_ARC = YES;
				COPY_PHASE_STRIP = NO;
				GCC_DYNAMIC_NO_PIC = NO;
				GCC_OPTIMIZATION_LEVEL = 0;
				GCC_PRECOMPILE_PREFIX_HEADER = YES;
				GCC_PREFIX_HEADER = "HelloCordova/HelloCordova-Prefix.pch";
				GCC_THUMB_SUPPORT = NO;
				GCC_VERSION = "";
				INFOPLIST_FILE = "HelloCordova/HelloCordova-Info.plist";
				LD_RUNPATH_SEARCH_PATHS = "@executable_path/Frameworks";
				PRODUCT_NAME = HelloCordova;
			};
			name = Debug;
		};
		1D6058950D05DD3E006BFB54 /* Release */ = {
			isa = XCBuildConfiguration;
			baseConfigurationReference = 3047A5101AB8059700498E2A /* build-release.xcconfig */;
			buildSettings = {
				ALWAYS_SEARCH_USER_PATHS = NO;
				ASSETCATALOG_COMPILER_APPICON_NAME = AppIcon;
				ASSETCATALOG_COMPILER_LAUNCHIMAGE_NAME = LaunchImage;
				CLANG_ENABLE_MODULES = YES;
				CLANG_ENABLE_OBJC_ARC = YES;
				COPY_PHASE_STRIP = YES;
				GCC_PRECOMPILE_PREFIX_HEADER = YES;
				GCC_PREFIX_HEADER = "HelloCordova/HelloCordova-Prefix.pch";
				GCC_THUMB_SUPPORT = NO;
				GCC_VERSION = "";
				INFOPLIST_FILE = "HelloCordova/HelloCordova-Info.plist";
				PRODUCT_NAME = HelloCordova;
			};
			name = Release;
		};
		C01FCF4F08A954540054247B /* Debug */ = {
			isa = XCBuildConfiguration;
			baseConfigurationReference = 3047A5111AB8059700498E2A /* build.xcconfig */;
			buildSettings = {
				CLANG_ENABLE_MODULES = YES;
				CLANG_ENABLE_OBJC_ARC = YES;
				CLANG_WARN_BOOL_CONVERSION = YES;
				CLANG_WARN_CONSTANT_CONVERSION = YES;
				CLANG_WARN_EMPTY_BODY = YES;
				CLANG_WARN_ENUM_CONVERSION = YES;
				CLANG_WARN_INT_CONVERSION = YES;
				CLANG_WARN__DUPLICATE_METHOD_MATCH = YES;
				GCC_C_LANGUAGE_STANDARD = c99;
				GCC_THUMB_SUPPORT = NO;
				GCC_VERSION = "";
				GCC_WARN_ABOUT_RETURN_TYPE = YES;
				GCC_WARN_UNDECLARED_SELECTOR = YES;
				GCC_WARN_UNINITIALIZED_AUTOS = YES;
				GCC_WARN_UNUSED_FUNCTION = YES;
				GCC_WARN_UNUSED_VARIABLE = YES;
				ONLY_ACTIVE_ARCH = YES;
				SDKROOT = iphoneos;
				SKIP_INSTALL = NO;
				SWIFT_OBJC_BRIDGING_HEADER = "HelloCordova/Bridging-Header.h";
			};
			name = Debug;
		};
		C01FCF5008A954540054247B /* Release */ = {
			isa = XCBuildConfiguration;
			baseConfigurationReference = 3047A5111AB8059700498E2A /* build.xcconfig */;
			buildSettings = {
				CLANG_ENABLE_MODULES = YES;
				CLANG_ENABLE_OBJC_ARC = YES;
				CLANG_WARN_BOOL_CONVERSION = YES;
				CLANG_WARN_CONSTANT_CONVERSION = YES;
				CLANG_WARN_EMPTY_BODY = YES;
				CLANG_WARN_ENUM_CONVERSION = YES;
				CLANG_WARN_INT_CONVERSION = YES;
				CLANG_WARN__DUPLICATE_METHOD_MATCH = YES;
				GCC_C_LANGUAGE_STANDARD = c99;
				GCC_THUMB_SUPPORT = NO;
				GCC_VERSION = "";
				GCC_WARN_ABOUT_RETURN_TYPE = YES;
				GCC_WARN_UNDECLARED_SELECTOR = YES;
				GCC_WARN_UNINITIALIZED_AUTOS = YES;
				GCC_WARN_UNUSED_FUNCTION = YES;
				GCC_WARN_UNUSED_VARIABLE = YES;
				SDKROOT = iphoneos;
				SKIP_INSTALL = NO;
				SWIFT_OBJC_BRIDGING_HEADER = "HelloCordova/Bridging-Header.h";
			};
			name = Release;
		};
/* End XCBuildConfiguration section */

/* Begin XCConfigurationList section */
		1D6058960D05DD3E006BFB54 /* Build configuration list for PBXNativeTarget "HelloCordova" */ = {
			isa = XCConfigurationList;
			buildConfigurations = (
				1D6058940D05DD3E006BFB54 /* Debug */,
				1D6058950D05DD3E006BFB54 /* Release */,
			);
			defaultConfigurationIsVisible = 0;
			defaultConfigurationName = Release;
		};
		C01FCF4E08A954540054247B /* Build configuration list for PBXProject "HelloCordova" */ = {
			isa = XCConfigurationList;
			buildConfigurations = (
				C01FCF4F08A954540054247B /* Debug */,
				C01FCF5008A954540054247B /* Release */,
			);
			defaultConfigurationIsVisible = 0;
			defaultConfigurationName = Release;
		};
/* End XCConfigurationList section */
	};
	rootObject = 29B97313FDCFA39411CA2CEA /* Project object */;
}
